{
  "name": "admin_theme_app",
  "lockfileVersion": 3,
  "requires": true,
  "packages": {
    "": {
      "dependencies": {
        "arctic_admin": "^4.3.1"
      }
    },
    "node_modules/arctic_admin": {
      "version": "4.3.1",
      "resolved": "https://registry.npmjs.org/arctic_admin/-/arctic_admin-4.3.1.tgz",
      "integrity": "sha512-2z5HHVobZZCWgJiWelG/RG4pnbo+iXTAOCEcAC6TBSI4LI7u8h1ugBkYgg9IF15jFh7Z8j2c1Qw7gxrCH0wgkQ=="
    }
  }
}
